
Microsoft Visual Studio Solution File, Format Version 12.00
# Visual Studio 2013
VisualStudioVersion = 12.0.21005.1
MinimumVisualStudioVersion = 10.0.40219.1
Project("{FAE04EC0-301F-11D3-BF4B-00C04F79EFBC}") = "Pizza House", "ConsoleApplication1\Pizza House.csproj", "{C01C4A2E-95AA-4AB4-8C88-B71B715B2468}"
EndProject
Global
	GlobalSection(SolutionConfigurationPlatforms) = preSolution
		Debug|Any CPU = Debug|Any CPU
		Release|Any CPU = Release|Any CPU
	EndGlobalSection
	GlobalSection(ProjectConfigurationPlatforms) = postSolution
		{C01C4A2E-95AA-4AB4-8C88-B71B715B2468}.Debug|Any CPU.ActiveCfg = Debug|Any CPU
		{C01C4A2E-95AA-4AB4-8C88-B71B715B2468}.Debug|Any CPU.Build.0 = Debug|Any CPU
		{C01C4A2E-95AA-4AB4-8C88-B71B715B2468}.Release|Any CPU.ActiveCfg = Release|Any CPU
		{C01C4A2E-95AA-4AB4-8C88-B71B715B2468}.Release|Any CPU.Build.0 = Release|Any CPU
	EndGlobalSection
	GlobalSection(SolutionProperties) = preSolution
		HideSolutionNode = FALSE
	EndGlobalSection
EndGlobal
